
Microsoft Visual Studio Solution File, Format Version 12.00
# Visual Studio Version 17
VisualStudioVersion = 17.1.32414.318
MinimumVisualStudioVersion = 10.0.40219.1
Project("{FAE04EC0-301F-11D3-BF4B-00C04F79EFBC}") = "ProjectEuler", "ProjectEuler\ProjectEuler.csproj", "{D7D05B47-1241-4CF9-917B-7421D94D0E3A}"
EndProject
Global
	GlobalSection(SolutionConfigurationPlatforms) = preSolution
		Debug|Any CPU = Debug|Any CPU
		Release|Any CPU = Release|Any CPU
	EndGlobalSection
	GlobalSection(ProjectConfigurationPlatforms) = postSolution
		{D7D05B47-1241-4CF9-917B-7421D94D0E3A}.Debug|Any CPU.ActiveCfg = Debug|Any CPU
		{D7D05B47-1241-4CF9-917B-7421D94D0E3A}.Debug|Any CPU.Build.0 = Debug|Any CPU
		{D7D05B47-1241-4CF9-917B-7421D94D0E3A}.Release|Any CPU.ActiveCfg = Release|Any CPU
		{D7D05B47-1241-4CF9-917B-7421D94D0E3A}.Release|Any CPU.Build.0 = Release|Any CPU
	EndGlobalSection
	GlobalSection(SolutionProperties) = preSolution
		HideSolutionNode = FALSE
	EndGlobalSection
	GlobalSection(ExtensibilityGlobals) = postSolution
		SolutionGuid = {876C96DE-8437-4D31-AEB0-8A7A05B6DA4B}
	EndGlobalSection
EndGlobal
